
Microsoft Visual Studio Solution File, Format Version 12.00
# Visual Studio Version 17
VisualStudioVersion = 17.4.33103.184
MinimumVisualStudioVersion = 10.0.40219.1
Project("{9A19103F-16F7-4668-BE54-9A1E7A4F7556}") = "RatingService", "RatingService\RatingService.csproj", "{40C1B621-E81B-4590-8EC8-DD961DF9204F}"
EndProject
Project("{FAE04EC0-301F-11D3-BF4B-00C04F79EFBC}") = "RatingService.Tests", "RatingService.Tests\RatingService.Tests.csproj", "{4C7E961B-CEFD-497A-B28E-4C2044873642}"
EndProject
Global
	GlobalSection(SolutionConfigurationPlatforms) = preSolution
		Debug|Any CPU = Debug|Any CPU
		Release|Any CPU = Release|Any CPU
	EndGlobalSection
	GlobalSection(ProjectConfigurationPlatforms) = postSolution
		{40C1B621-E81B-4590-8EC8-DD961DF9204F}.Debug|Any CPU.ActiveCfg = Debug|Any CPU
		{40C1B621-E81B-4590-8EC8-DD961DF9204F}.Debug|Any CPU.Build.0 = Debug|Any CPU
		{40C1B621-E81B-4590-8EC8-DD961DF9204F}.Release|Any CPU.ActiveCfg = Release|Any CPU
		{40C1B621-E81B-4590-8EC8-DD961DF9204F}.Release|Any CPU.Build.0 = Release|Any CPU
		{4C7E961B-CEFD-497A-B28E-4C2044873642}.Debug|Any CPU.ActiveCfg = Debug|Any CPU
		{4C7E961B-CEFD-497A-B28E-4C2044873642}.Debug|Any CPU.Build.0 = Debug|Any CPU
		{4C7E961B-CEFD-497A-B28E-4C2044873642}.Release|Any CPU.ActiveCfg = Release|Any CPU
		{4C7E961B-CEFD-497A-B28E-4C2044873642}.Release|Any CPU.Build.0 = Release|Any CPU
	EndGlobalSection
	GlobalSection(SolutionProperties) = preSolution
		HideSolutionNode = FALSE
	EndGlobalSection
	GlobalSection(ExtensibilityGlobals) = postSolution
		SolutionGuid = {322A410A-7277-489C-8609-3153297D05C3}
	EndGlobalSection
EndGlobal
